
Microsoft Visual Studio Solution File, Format Version 12.00
# Visual Studio Version 16
VisualStudioVersion = 16.0.30709.64
MinimumVisualStudioVersion = 10.0.40219.1
Project("{9A19103F-16F7-4668-BE54-9A1E7A4F7556}") = "Day01", "Day01\Day01.csproj", "{C173D1CC-E946-4A92-922E-93E6AC10DADD}"
EndProject
Project("{9A19103F-16F7-4668-BE54-9A1E7A4F7556}") = "Day02", "Day02\Day02.csproj", "{415EAA11-6A63-414F-85CB-E4840B3AC871}"
EndProject
Project("{9A19103F-16F7-4668-BE54-9A1E7A4F7556}") = "Day03", "Day03\Day03.csproj", "{CA46657D-0559-48B9-8F97-1CDFBBBFFA6F}"
EndProject
Project("{9A19103F-16F7-4668-BE54-9A1E7A4F7556}") = "Day04", "Day04\Day04.csproj", "{E793E364-FC56-4CEF-95F8-3D99BFA81723}"
EndProject
Project("{9A19103F-16F7-4668-BE54-9A1E7A4F7556}") = "Day05", "Day05\Day05.csproj", "{B198C8F4-FAD5-4577-BAB1-E6217F442A0F}"
EndProject
Project("{9A19103F-16F7-4668-BE54-9A1E7A4F7556}") = "Day06", "Day06\Day06.csproj", "{FAD02EBE-6EF4-4300-A414-3C2B4CB6A033}"
EndProject
Global
	GlobalSection(SolutionConfigurationPlatforms) = preSolution
		Debug|Any CPU = Debug|Any CPU
		Release|Any CPU = Release|Any CPU
	EndGlobalSection
	GlobalSection(ProjectConfigurationPlatforms) = postSolution
		{C173D1CC-E946-4A92-922E-93E6AC10DADD}.Debug|Any CPU.ActiveCfg = Debug|Any CPU
		{C173D1CC-E946-4A92-922E-93E6AC10DADD}.Debug|Any CPU.Build.0 = Debug|Any CPU
		{C173D1CC-E946-4A92-922E-93E6AC10DADD}.Release|Any CPU.ActiveCfg = Release|Any CPU
		{C173D1CC-E946-4A92-922E-93E6AC10DADD}.Release|Any CPU.Build.0 = Release|Any CPU
		{415EAA11-6A63-414F-85CB-E4840B3AC871}.Debug|Any CPU.ActiveCfg = Debug|Any CPU
		{415EAA11-6A63-414F-85CB-E4840B3AC871}.Debug|Any CPU.Build.0 = Debug|Any CPU
		{415EAA11-6A63-414F-85CB-E4840B3AC871}.Release|Any CPU.ActiveCfg = Release|Any CPU
		{415EAA11-6A63-414F-85CB-E4840B3AC871}.Release|Any CPU.Build.0 = Release|Any CPU
		{CA46657D-0559-48B9-8F97-1CDFBBBFFA6F}.Debug|Any CPU.ActiveCfg = Debug|Any CPU
		{CA46657D-0559-48B9-8F97-1CDFBBBFFA6F}.Debug|Any CPU.Build.0 = Debug|Any CPU
		{CA46657D-0559-48B9-8F97-1CDFBBBFFA6F}.Release|Any CPU.ActiveCfg = Release|Any CPU
		{CA46657D-0559-48B9-8F97-1CDFBBBFFA6F}.Release|Any CPU.Build.0 = Release|Any CPU
		{E793E364-FC56-4CEF-95F8-3D99BFA81723}.Debug|Any CPU.ActiveCfg = Debug|Any CPU
		{E793E364-FC56-4CEF-95F8-3D99BFA81723}.Debug|Any CPU.Build.0 = Debug|Any CPU
		{E793E364-FC56-4CEF-95F8-3D99BFA81723}.Release|Any CPU.ActiveCfg = Release|Any CPU
		{E793E364-FC56-4CEF-95F8-3D99BFA81723}.Release|Any CPU.Build.0 = Release|Any CPU
		{B198C8F4-FAD5-4577-BAB1-E6217F442A0F}.Debug|Any CPU.ActiveCfg = Debug|Any CPU
		{B198C8F4-FAD5-4577-BAB1-E6217F442A0F}.Debug|Any CPU.Build.0 = Debug|Any CPU
		{B198C8F4-FAD5-4577-BAB1-E6217F442A0F}.Release|Any CPU.ActiveCfg = Release|Any CPU
		{B198C8F4-FAD5-4577-BAB1-E6217F442A0F}.Release|Any CPU.Build.0 = Release|Any CPU
		{FAD02EBE-6EF4-4300-A414-3C2B4CB6A033}.Debug|Any CPU.ActiveCfg = Debug|Any CPU
		{FAD02EBE-6EF4-4300-A414-3C2B4CB6A033}.Debug|Any CPU.Build.0 = Debug|Any CPU
		{FAD02EBE-6EF4-4300-A414-3C2B4CB6A033}.Release|Any CPU.ActiveCfg = Release|Any CPU
		{FAD02EBE-6EF4-4300-A414-3C2B4CB6A033}.Release|Any CPU.Build.0 = Release|Any CPU
	EndGlobalSection
	GlobalSection(SolutionProperties) = preSolution
		HideSolutionNode = FALSE
	EndGlobalSection
	GlobalSection(ExtensibilityGlobals) = postSolution
		SolutionGuid = {B26C51F0-CD14-4F7B-BEB7-84AD4A69F7D9}
	EndGlobalSection
EndGlobal
