
Microsoft Visual Studio Solution File, Format Version 12.00
# Visual Studio Version 16
VisualStudioVersion = 16.0.30709.64
MinimumVisualStudioVersion = 10.0.40219.1
Project("{9A19103F-16F7-4668-BE54-9A1E7A4F7556}") = "Day01", "Day01\Day01.csproj", "{C173D1CC-E946-4A92-922E-93E6AC10DADD}"
EndProject
Project("{9A19103F-16F7-4668-BE54-9A1E7A4F7556}") = "Day02", "Day02\Day02.csproj", "{415EAA11-6A63-414F-85CB-E4840B3AC871}"
EndProject
Project("{9A19103F-16F7-4668-BE54-9A1E7A4F7556}") = "Day03", "Day03\Day03.csproj", "{CA46657D-0559-48B9-8F97-1CDFBBBFFA6F}"
EndProject
Project("{9A19103F-16F7-4668-BE54-9A1E7A4F7556}") = "Day04", "Day04\Day04.csproj", "{E793E364-FC56-4CEF-95F8-3D99BFA81723}"
EndProject
Project("{9A19103F-16F7-4668-BE54-9A1E7A4F7556}") = "Day05", "Day05\Day05.csproj", "{B198C8F4-FAD5-4577-BAB1-E6217F442A0F}"
EndProject
Project("{9A19103F-16F7-4668-BE54-9A1E7A4F7556}") = "Day06", "Day06\Day06.csproj", "{FAD02EBE-6EF4-4300-A414-3C2B4CB6A033}"
EndProject
Project("{9A19103F-16F7-4668-BE54-9A1E7A4F7556}") = "Day07", "Day07\Day07.csproj", "{EAFBBFBA-F4AE-41AE-A0EB-212106F1F722}"
EndProject
Project("{9A19103F-16F7-4668-BE54-9A1E7A4F7556}") = "Day08", "Day08\Day08.csproj", "{50934C6A-468C-4511-9996-4526F7C0C1BC}"
EndProject
Project("{9A19103F-16F7-4668-BE54-9A1E7A4F7556}") = "Day09", "Day09\Day09.csproj", "{EE098ED7-45C1-4CED-A10E-49C129A598A0}"
EndProject
Project("{9A19103F-16F7-4668-BE54-9A1E7A4F7556}") = "Day10", "Day10\Day10.csproj", "{FC2F00B4-8E5F-428E-AD82-50F0D20791DF}"
EndProject
Project("{9A19103F-16F7-4668-BE54-9A1E7A4F7556}") = "Day11", "Day11\Day11.csproj", "{F01B7B2A-2CDF-4486-A49B-777EF6EE240C}"
EndProject
Project("{9A19103F-16F7-4668-BE54-9A1E7A4F7556}") = "Day12", "Day12\Day12.csproj", "{4E984646-E0BA-4736-BBA4-EB9F71B1FD2E}"
EndProject
Project("{9A19103F-16F7-4668-BE54-9A1E7A4F7556}") = "Day13", "Day13\Day13.csproj", "{853475E6-F584-46C4-91AD-E32E8750F02F}"
EndProject
Project("{9A19103F-16F7-4668-BE54-9A1E7A4F7556}") = "Day14", "Day14\Day14.csproj", "{2948B9E3-9A3A-4354-9F67-986F57A49BCA}"
EndProject
Project("{9A19103F-16F7-4668-BE54-9A1E7A4F7556}") = "Day15", "Day15\Day15.csproj", "{42AEFA8A-BCA2-4203-A467-F32F8E9A018C}"
EndProject
Project("{9A19103F-16F7-4668-BE54-9A1E7A4F7556}") = "Day16", "Day16\Day16.csproj", "{CFD21BFF-B58E-424E-9250-87161CB3D05E}"
EndProject
Project("{9A19103F-16F7-4668-BE54-9A1E7A4F7556}") = "Day17", "Day17\Day17.csproj", "{E13C94AE-2C1F-47F5-823C-DE92D0BB6C96}"
EndProject
Project("{9A19103F-16F7-4668-BE54-9A1E7A4F7556}") = "Day18", "Day18\Day18.csproj", "{B2CF6C27-CB91-4ABB-B8C2-ADB8427B956D}"
EndProject
Project("{9A19103F-16F7-4668-BE54-9A1E7A4F7556}") = "Day19", "Day19\Day19.csproj", "{7720A005-68E1-418E-8AC8-97C76D982211}"
EndProject
Project("{9A19103F-16F7-4668-BE54-9A1E7A4F7556}") = "Day20", "Day20\Day20.csproj", "{0A49F354-56B2-405C-A320-D744D127FE07}"
EndProject
Project("{9A19103F-16F7-4668-BE54-9A1E7A4F7556}") = "Day21", "Day21\Day21.csproj", "{A4A2AC5E-E546-4D06-ABAF-A64DBF8B1673}"
EndProject
Project("{9A19103F-16F7-4668-BE54-9A1E7A4F7556}") = "Day22", "Day22\Day22.csproj", "{9E5CB842-F633-4A7E-8E5B-D5D82A511208}"
EndProject
Project("{9A19103F-16F7-4668-BE54-9A1E7A4F7556}") = "Day23", "Day23\Day23.csproj", "{6CF371F1-B891-4764-8BCE-11FBBFB6A77B}"
EndProject
Project("{9A19103F-16F7-4668-BE54-9A1E7A4F7556}") = "Day24", "Day24\Day24.csproj", "{1A43520C-8859-4E8B-BEAC-654B3151F1B4}"
EndProject
Project("{9A19103F-16F7-4668-BE54-9A1E7A4F7556}") = "Day25", "Day25\Day25.csproj", "{0BD29E56-AA52-476B-87E3-35489836A687}"
EndProject
Global
	GlobalSection(SolutionConfigurationPlatforms) = preSolution
		Debug|Any CPU = Debug|Any CPU
		Release|Any CPU = Release|Any CPU
	EndGlobalSection
	GlobalSection(ProjectConfigurationPlatforms) = postSolution
		{C173D1CC-E946-4A92-922E-93E6AC10DADD}.Debug|Any CPU.ActiveCfg = Debug|Any CPU
		{C173D1CC-E946-4A92-922E-93E6AC10DADD}.Debug|Any CPU.Build.0 = Debug|Any CPU
		{C173D1CC-E946-4A92-922E-93E6AC10DADD}.Release|Any CPU.ActiveCfg = Release|Any CPU
		{C173D1CC-E946-4A92-922E-93E6AC10DADD}.Release|Any CPU.Build.0 = Release|Any CPU
		{415EAA11-6A63-414F-85CB-E4840B3AC871}.Debug|Any CPU.ActiveCfg = Debug|Any CPU
		{415EAA11-6A63-414F-85CB-E4840B3AC871}.Debug|Any CPU.Build.0 = Debug|Any CPU
		{415EAA11-6A63-414F-85CB-E4840B3AC871}.Release|Any CPU.ActiveCfg = Release|Any CPU
		{415EAA11-6A63-414F-85CB-E4840B3AC871}.Release|Any CPU.Build.0 = Release|Any CPU
		{CA46657D-0559-48B9-8F97-1CDFBBBFFA6F}.Debug|Any CPU.ActiveCfg = Debug|Any CPU
		{CA46657D-0559-48B9-8F97-1CDFBBBFFA6F}.Debug|Any CPU.Build.0 = Debug|Any CPU
		{CA46657D-0559-48B9-8F97-1CDFBBBFFA6F}.Release|Any CPU.ActiveCfg = Release|Any CPU
		{CA46657D-0559-48B9-8F97-1CDFBBBFFA6F}.Release|Any CPU.Build.0 = Release|Any CPU
		{E793E364-FC56-4CEF-95F8-3D99BFA81723}.Debug|Any CPU.ActiveCfg = Debug|Any CPU
		{E793E364-FC56-4CEF-95F8-3D99BFA81723}.Debug|Any CPU.Build.0 = Debug|Any CPU
		{E793E364-FC56-4CEF-95F8-3D99BFA81723}.Release|Any CPU.ActiveCfg = Release|Any CPU
		{E793E364-FC56-4CEF-95F8-3D99BFA81723}.Release|Any CPU.Build.0 = Release|Any CPU
		{B198C8F4-FAD5-4577-BAB1-E6217F442A0F}.Debug|Any CPU.ActiveCfg = Debug|Any CPU
		{B198C8F4-FAD5-4577-BAB1-E6217F442A0F}.Debug|Any CPU.Build.0 = Debug|Any CPU
		{B198C8F4-FAD5-4577-BAB1-E6217F442A0F}.Release|Any CPU.ActiveCfg = Release|Any CPU
		{B198C8F4-FAD5-4577-BAB1-E6217F442A0F}.Release|Any CPU.Build.0 = Release|Any CPU
		{FAD02EBE-6EF4-4300-A414-3C2B4CB6A033}.Debug|Any CPU.ActiveCfg = Debug|Any CPU
		{FAD02EBE-6EF4-4300-A414-3C2B4CB6A033}.Debug|Any CPU.Build.0 = Debug|Any CPU
		{FAD02EBE-6EF4-4300-A414-3C2B4CB6A033}.Release|Any CPU.ActiveCfg = Release|Any CPU
		{FAD02EBE-6EF4-4300-A414-3C2B4CB6A033}.Release|Any CPU.Build.0 = Release|Any CPU
		{EAFBBFBA-F4AE-41AE-A0EB-212106F1F722}.Debug|Any CPU.ActiveCfg = Debug|Any CPU
		{EAFBBFBA-F4AE-41AE-A0EB-212106F1F722}.Debug|Any CPU.Build.0 = Debug|Any CPU
		{EAFBBFBA-F4AE-41AE-A0EB-212106F1F722}.Release|Any CPU.ActiveCfg = Release|Any CPU
		{EAFBBFBA-F4AE-41AE-A0EB-212106F1F722}.Release|Any CPU.Build.0 = Release|Any CPU
		{50934C6A-468C-4511-9996-4526F7C0C1BC}.Debug|Any CPU.ActiveCfg = Debug|Any CPU
		{50934C6A-468C-4511-9996-4526F7C0C1BC}.Debug|Any CPU.Build.0 = Debug|Any CPU
		{50934C6A-468C-4511-9996-4526F7C0C1BC}.Release|Any CPU.ActiveCfg = Release|Any CPU
		{50934C6A-468C-4511-9996-4526F7C0C1BC}.Release|Any CPU.Build.0 = Release|Any CPU
		{EE098ED7-45C1-4CED-A10E-49C129A598A0}.Debug|Any CPU.ActiveCfg = Debug|Any CPU
		{EE098ED7-45C1-4CED-A10E-49C129A598A0}.Debug|Any CPU.Build.0 = Debug|Any CPU
		{EE098ED7-45C1-4CED-A10E-49C129A598A0}.Release|Any CPU.ActiveCfg = Release|Any CPU
		{EE098ED7-45C1-4CED-A10E-49C129A598A0}.Release|Any CPU.Build.0 = Release|Any CPU
		{FC2F00B4-8E5F-428E-AD82-50F0D20791DF}.Debug|Any CPU.ActiveCfg = Debug|Any CPU
		{FC2F00B4-8E5F-428E-AD82-50F0D20791DF}.Debug|Any CPU.Build.0 = Debug|Any CPU
		{FC2F00B4-8E5F-428E-AD82-50F0D20791DF}.Release|Any CPU.ActiveCfg = Release|Any CPU
		{FC2F00B4-8E5F-428E-AD82-50F0D20791DF}.Release|Any CPU.Build.0 = Release|Any CPU
		{F01B7B2A-2CDF-4486-A49B-777EF6EE240C}.Debug|Any CPU.ActiveCfg = Debug|Any CPU
		{F01B7B2A-2CDF-4486-A49B-777EF6EE240C}.Debug|Any CPU.Build.0 = Debug|Any CPU
		{F01B7B2A-2CDF-4486-A49B-777EF6EE240C}.Release|Any CPU.ActiveCfg = Release|Any CPU
		{F01B7B2A-2CDF-4486-A49B-777EF6EE240C}.Release|Any CPU.Build.0 = Release|Any CPU
		{4E984646-E0BA-4736-BBA4-EB9F71B1FD2E}.Debug|Any CPU.ActiveCfg = Debug|Any CPU
		{4E984646-E0BA-4736-BBA4-EB9F71B1FD2E}.Debug|Any CPU.Build.0 = Debug|Any CPU
		{4E984646-E0BA-4736-BBA4-EB9F71B1FD2E}.Release|Any CPU.ActiveCfg = Release|Any CPU
		{4E984646-E0BA-4736-BBA4-EB9F71B1FD2E}.Release|Any CPU.Build.0 = Release|Any CPU
		{853475E6-F584-46C4-91AD-E32E8750F02F}.Debug|Any CPU.ActiveCfg = Debug|Any CPU
		{853475E6-F584-46C4-91AD-E32E8750F02F}.Debug|Any CPU.Build.0 = Debug|Any CPU
		{853475E6-F584-46C4-91AD-E32E8750F02F}.Release|Any CPU.ActiveCfg = Release|Any CPU
		{853475E6-F584-46C4-91AD-E32E8750F02F}.Release|Any CPU.Build.0 = Release|Any CPU
		{2948B9E3-9A3A-4354-9F67-986F57A49BCA}.Debug|Any CPU.ActiveCfg = Debug|Any CPU
		{2948B9E3-9A3A-4354-9F67-986F57A49BCA}.Debug|Any CPU.Build.0 = Debug|Any CPU
		{2948B9E3-9A3A-4354-9F67-986F57A49BCA}.Release|Any CPU.ActiveCfg = Release|Any CPU
		{2948B9E3-9A3A-4354-9F67-986F57A49BCA}.Release|Any CPU.Build.0 = Release|Any CPU
		{42AEFA8A-BCA2-4203-A467-F32F8E9A018C}.Debug|Any CPU.ActiveCfg = Debug|Any CPU
		{42AEFA8A-BCA2-4203-A467-F32F8E9A018C}.Debug|Any CPU.Build.0 = Debug|Any CPU
		{42AEFA8A-BCA2-4203-A467-F32F8E9A018C}.Release|Any CPU.ActiveCfg = Release|Any CPU
		{42AEFA8A-BCA2-4203-A467-F32F8E9A018C}.Release|Any CPU.Build.0 = Release|Any CPU
		{CFD21BFF-B58E-424E-9250-87161CB3D05E}.Debug|Any CPU.ActiveCfg = Debug|Any CPU
		{CFD21BFF-B58E-424E-9250-87161CB3D05E}.Debug|Any CPU.Build.0 = Debug|Any CPU
		{CFD21BFF-B58E-424E-9250-87161CB3D05E}.Release|Any CPU.ActiveCfg = Release|Any CPU
		{CFD21BFF-B58E-424E-9250-87161CB3D05E}.Release|Any CPU.Build.0 = Release|Any CPU
		{E13C94AE-2C1F-47F5-823C-DE92D0BB6C96}.Debug|Any CPU.ActiveCfg = Debug|Any CPU
		{E13C94AE-2C1F-47F5-823C-DE92D0BB6C96}.Debug|Any CPU.Build.0 = Debug|Any CPU
		{E13C94AE-2C1F-47F5-823C-DE92D0BB6C96}.Release|Any CPU.ActiveCfg = Release|Any CPU
		{E13C94AE-2C1F-47F5-823C-DE92D0BB6C96}.Release|Any CPU.Build.0 = Release|Any CPU
		{B2CF6C27-CB91-4ABB-B8C2-ADB8427B956D}.Debug|Any CPU.ActiveCfg = Debug|Any CPU
		{B2CF6C27-CB91-4ABB-B8C2-ADB8427B956D}.Debug|Any CPU.Build.0 = Debug|Any CPU
		{B2CF6C27-CB91-4ABB-B8C2-ADB8427B956D}.Release|Any CPU.ActiveCfg = Release|Any CPU
		{B2CF6C27-CB91-4ABB-B8C2-ADB8427B956D}.Release|Any CPU.Build.0 = Release|Any CPU
		{7720A005-68E1-418E-8AC8-97C76D982211}.Debug|Any CPU.ActiveCfg = Debug|Any CPU
		{7720A005-68E1-418E-8AC8-97C76D982211}.Debug|Any CPU.Build.0 = Debug|Any CPU
		{7720A005-68E1-418E-8AC8-97C76D982211}.Release|Any CPU.ActiveCfg = Release|Any CPU
		{7720A005-68E1-418E-8AC8-97C76D982211}.Release|Any CPU.Build.0 = Release|Any CPU
		{0A49F354-56B2-405C-A320-D744D127FE07}.Debug|Any CPU.ActiveCfg = Debug|Any CPU
		{0A49F354-56B2-405C-A320-D744D127FE07}.Debug|Any CPU.Build.0 = Debug|Any CPU
		{0A49F354-56B2-405C-A320-D744D127FE07}.Release|Any CPU.ActiveCfg = Release|Any CPU
		{0A49F354-56B2-405C-A320-D744D127FE07}.Release|Any CPU.Build.0 = Release|Any CPU
		{A4A2AC5E-E546-4D06-ABAF-A64DBF8B1673}.Debug|Any CPU.ActiveCfg = Debug|Any CPU
		{A4A2AC5E-E546-4D06-ABAF-A64DBF8B1673}.Debug|Any CPU.Build.0 = Debug|Any CPU
		{A4A2AC5E-E546-4D06-ABAF-A64DBF8B1673}.Release|Any CPU.ActiveCfg = Release|Any CPU
		{A4A2AC5E-E546-4D06-ABAF-A64DBF8B1673}.Release|Any CPU.Build.0 = Release|Any CPU
		{9E5CB842-F633-4A7E-8E5B-D5D82A511208}.Debug|Any CPU.ActiveCfg = Debug|Any CPU
		{9E5CB842-F633-4A7E-8E5B-D5D82A511208}.Debug|Any CPU.Build.0 = Debug|Any CPU
		{9E5CB842-F633-4A7E-8E5B-D5D82A511208}.Release|Any CPU.ActiveCfg = Release|Any CPU
		{9E5CB842-F633-4A7E-8E5B-D5D82A511208}.Release|Any CPU.Build.0 = Release|Any CPU
		{6CF371F1-B891-4764-8BCE-11FBBFB6A77B}.Debug|Any CPU.ActiveCfg = Debug|Any CPU
		{6CF371F1-B891-4764-8BCE-11FBBFB6A77B}.Debug|Any CPU.Build.0 = Debug|Any CPU
		{6CF371F1-B891-4764-8BCE-11FBBFB6A77B}.Release|Any CPU.ActiveCfg = Release|Any CPU
		{6CF371F1-B891-4764-8BCE-11FBBFB6A77B}.Release|Any CPU.Build.0 = Release|Any CPU
		{1A43520C-8859-4E8B-BEAC-654B3151F1B4}.Debug|Any CPU.ActiveCfg = Debug|Any CPU
		{1A43520C-8859-4E8B-BEAC-654B3151F1B4}.Debug|Any CPU.Build.0 = Debug|Any CPU
		{1A43520C-8859-4E8B-BEAC-654B3151F1B4}.Release|Any CPU.ActiveCfg = Release|Any CPU
		{1A43520C-8859-4E8B-BEAC-654B3151F1B4}.Release|Any CPU.Build.0 = Release|Any CPU
		{0BD29E56-AA52-476B-87E3-35489836A687}.Debug|Any CPU.ActiveCfg = Debug|Any CPU
		{0BD29E56-AA52-476B-87E3-35489836A687}.Debug|Any CPU.Build.0 = Debug|Any CPU
		{0BD29E56-AA52-476B-87E3-35489836A687}.Release|Any CPU.ActiveCfg = Release|Any CPU
		{0BD29E56-AA52-476B-87E3-35489836A687}.Release|Any CPU.Build.0 = Release|Any CPU
	EndGlobalSection
	GlobalSection(SolutionProperties) = preSolution
		HideSolutionNode = FALSE
	EndGlobalSection
	GlobalSection(ExtensibilityGlobals) = postSolution
		SolutionGuid = {B26C51F0-CD14-4F7B-BEB7-84AD4A69F7D9}
	EndGlobalSection
EndGlobal
